
Microsoft Visual Studio Solution File, Format Version 12.00
# Visual Studio Version 17
VisualStudioVersion = 17.6.33801.468
MinimumVisualStudioVersion = 10.0.40219.1
Project("{9A19103F-16F7-4668-BE54-9A1E7A4F7556}") = "WarehouseWebApi", "WarehouseWebApi.csproj", "{12D9642D-B502-48A6-BF12-95F1FFA1DAB2}"
EndProject
Global
	GlobalSection(SolutionConfigurationPlatforms) = preSolution
		Debug|Any CPU = Debug|Any CPU
		Release|Any CPU = Release|Any CPU
	EndGlobalSection
	GlobalSection(ProjectConfigurationPlatforms) = postSolution
		{12D9642D-B502-48A6-BF12-95F1FFA1DAB2}.Debug|Any CPU.ActiveCfg = Debug|Any CPU
		{12D9642D-B502-48A6-BF12-95F1FFA1DAB2}.Debug|Any CPU.Build.0 = Debug|Any CPU
		{12D9642D-B502-48A6-BF12-95F1FFA1DAB2}.Release|Any CPU.ActiveCfg = Release|Any CPU
		{12D9642D-B502-48A6-BF12-95F1FFA1DAB2}.Release|Any CPU.Build.0 = Release|Any CPU
	EndGlobalSection
	GlobalSection(SolutionProperties) = preSolution
		HideSolutionNode = FALSE
	EndGlobalSection
	GlobalSection(ExtensibilityGlobals) = postSolution
		SolutionGuid = {11E42F35-D431-4379-B492-F88A803D278D}
	EndGlobalSection
EndGlobal
